{
  "version": 4,
  "terraform_version": "1.13.3",
  "serial": 31,
  "lineage": "05cf4236-0cff-93e3-7955-c65e8c7f9a5a",
  "outputs": {
    "data_eng_container_id": {
      "value": "dc603bc275d7abcc8bd11e59098bd978efe04de44dbad04739ba14a22de8f2f5",
      "type": "string"
    },
    "data_science_container_id": {
      "value": "acac5d1203074ab9da132157864488e41c6e2e5f7fb68344ca5e38c7e233b3fe",
      "type": "string"
    },
    "network_id": {
      "value": "35496f26340139a651c7902c24c24af4df2520b83d3c3c89f70f69e1c48a4aca",
      "type": "string"
    },
    "network_name": {
      "value": "taller6-data-platform",
      "type": "string"
    },
    "shared_volume_name": {
      "value": "taller6-shared-volume",
      "type": "string"
    }
  },
  "resources": [
    {
      "mode": "managed",
      "type": "docker_network",
      "name": "data_platform",
      "provider": "provider[\"registry.terraform.io/kreuzwerker/docker\"]",
      "instances": [
        {
          "schema_version": 1,
          "attributes": {
            "attachable": false,
            "check_duplicate": null,
            "driver": "bridge",
            "id": "35496f26340139a651c7902c24c24af4df2520b83d3c3c89f70f69e1c48a4aca",
            "ingress": false,
            "internal": false,
            "ipam_config": [
              {
                "aux_address": {},
                "gateway": "172.18.0.1",
                "ip_range": "",
                "subnet": "172.18.0.0/16"
              }
            ],
            "ipam_driver": "default",
            "ipam_options": {},
            "ipv6": false,
            "labels": [],
            "name": "taller6-data-platform",
            "options": {},
            "scope": "local"
          },
          "sensitive_attributes": [],
          "identity_schema_version": 0,
          "private": "eyJzY2hlbWFfdmVyc2lvbiI6IjEifQ=="
        }
      ]
    },
    {
      "mode": "managed",
      "type": "docker_volume",
      "name": "shared_storage",
      "provider": "provider[\"registry.terraform.io/kreuzwerker/docker\"]",
      "instances": [
        {
          "schema_version": 1,
          "attributes": {
            "driver": "local",
            "driver_opts": {},
            "id": "taller6-shared-volume",
            "labels": [],
            "mountpoint": "/var/lib/docker/volumes/taller6-shared-volume/_data",
            "name": "taller6-shared-volume"
          },
          "sensitive_attributes": [],
          "identity_schema_version": 0,
          "private": "eyJzY2hlbWFfdmVyc2lvbiI6IjEifQ=="
        }
      ]
    },
    {
      "module": "module.data_eng",
      "mode": "managed",
      "type": "docker_container",
      "name": "data_eng",
      "provider": "provider[\"registry.terraform.io/kreuzwerker/docker\"]",
      "instances": [
        {
          "schema_version": 2,
          "attributes": {
            "attach": false,
            "bridge": "",
            "capabilities": [],
            "cgroup_parent": null,
            "cgroupns_mode": null,
            "command": [
              "python",
              "app_data_eng.py"
            ],
            "container_logs": null,
            "container_read_refresh_timeout_milliseconds": 15000,
            "cpu_period": null,
            "cpu_quota": null,
            "cpu_set": "",
            "cpu_shares": 0,
            "cpus": null,
            "destroy_grace_seconds": null,
            "devices": [],
            "dns": null,
            "dns_opts": null,
            "dns_search": null,
            "domainname": "",
            "entrypoint": [],
            "env": [
              "SHARED_VOLUME_PATH=/data/shared"
            ],
            "exit_code": null,
            "gpus": null,
            "group_add": null,
            "healthcheck": null,
            "host": [],
            "hostname": "dc603bc275d7",
            "id": "dc603bc275d7abcc8bd11e59098bd978efe04de44dbad04739ba14a22de8f2f5",
            "image": "sha256:5a72ebb5ff00f438fef5e706058ce9ec16eeffd390ba22608567ba1a39fb08a0",
            "init": false,
            "ipc_mode": "private",
            "labels": [],
            "log_driver": "json-file",
            "log_opts": null,
            "logs": false,
            "max_retry_count": 0,
            "memory": 0,
            "memory_swap": 0,
            "mounts": [],
            "must_run": true,
            "name": "data-eng-service",
            "network_data": [
              {
                "gateway": "172.18.0.1",
                "global_ipv6_address": "",
                "global_ipv6_prefix_length": 0,
                "ip_address": "172.18.0.3",
                "ip_prefix_length": 16,
                "ipv6_gateway": "",
                "mac_address": "ea:4f:7d:82:e1:e2",
                "network_name": "taller6-data-platform"
              }
            ],
            "network_mode": "bridge",
            "networks_advanced": [
              {
                "aliases": [],
                "ipv4_address": "",
                "ipv6_address": "",
                "name": "taller6-data-platform"
              }
            ],
            "pid_mode": "",
            "ports": [
              {
                "external": 8080,
                "internal": 8080,
                "ip": "0.0.0.0",
                "protocol": "tcp"
              }
            ],
            "privileged": false,
            "publish_all_ports": false,
            "read_only": false,
            "remove_volumes": true,
            "restart": "no",
            "rm": false,
            "runtime": "runc",
            "security_opts": [],
            "shm_size": 64,
            "start": true,
            "stdin_open": false,
            "stop_signal": "",
            "stop_timeout": 0,
            "storage_opts": null,
            "sysctls": null,
            "tmpfs": null,
            "tty": false,
            "ulimit": [],
            "upload": [],
            "user": "",
            "userns_mode": "",
            "volumes": [
              {
                "container_path": "/data/shared",
                "from_container": "",
                "host_path": "",
                "read_only": false,
                "volume_name": "taller6-shared-volume"
              }
            ],
            "wait": false,
            "wait_timeout": 60,
            "working_dir": "/app"
          },
          "sensitive_attributes": [],
          "identity_schema_version": 0,
          "private": "eyJzY2hlbWFfdmVyc2lvbiI6IjIifQ==",
          "dependencies": [
            "docker_network.data_platform",
            "docker_volume.shared_storage",
            "module.data_eng.docker_image.data_eng"
          ]
        }
      ]
    },
    {
      "module": "module.data_eng",
      "mode": "managed",
      "type": "docker_image",
      "name": "data_eng",
      "provider": "provider[\"registry.terraform.io/kreuzwerker/docker\"]",
      "instances": [
        {
          "schema_version": 0,
          "attributes": {
            "build": [
              {
                "auth_config": [],
                "build_args": null,
                "build_id": "",
                "build_log_file": "",
                "builder": "",
                "cache_from": [],
                "cgroup_parent": "",
                "context": "/home/janis/Documents/taller6/taller6-terraform/docker",
                "cpu_period": null,
                "cpu_quota": null,
                "cpu_set_cpus": "",
                "cpu_set_mems": "",
                "cpu_shares": null,
                "dockerfile": "/home/janis/Documents/taller6/taller6-terraform/docker/Dockerfile.data-eng",
                "extra_hosts": [],
                "force_remove": null,
                "isolation": "",
                "label": null,
                "labels": null,
                "memory": null,
                "memory_swap": null,
                "network_mode": "",
                "no_cache": null,
                "platform": "",
                "pull_parent": null,
                "remote_context": "",
                "remove": true,
                "secrets": [],
                "security_opt": [],
                "session_id": "",
                "shm_size": null,
                "squash": null,
                "suppress_output": null,
                "tag": [],
                "target": "",
                "ulimit": [],
                "version": ""
              }
            ],
            "force_remove": null,
            "id": "sha256:5a72ebb5ff00f438fef5e706058ce9ec16eeffd390ba22608567ba1a39fb08a0jannisce2508/taller6-data-eng:latest",
            "image_id": "sha256:5a72ebb5ff00f438fef5e706058ce9ec16eeffd390ba22608567ba1a39fb08a0",
            "keep_locally": true,
            "name": "jannisce2508/taller6-data-eng:latest",
            "platform": null,
            "pull_triggers": null,
            "repo_digest": "",
            "timeouts": null,
            "triggers": null
          },
          "sensitive_attributes": [],
          "identity_schema_version": 0,
          "private": "eyJlMmJmYjczMC1lY2FhLTExZTYtOGY4OC0zNDM2M2JjN2M0YzAiOnsiY3JlYXRlIjoxMjAwMDAwMDAwMDAwLCJkZWxldGUiOjEyMDAwMDAwMDAwMDAsInVwZGF0ZSI6MTIwMDAwMDAwMDAwMH19"
        }
      ]
    },
    {
      "module": "module.data_science",
      "mode": "managed",
      "type": "docker_container",
      "name": "data_science",
      "provider": "provider[\"registry.terraform.io/kreuzwerker/docker\"]",
      "instances": [
        {
          "schema_version": 2,
          "attributes": {
            "attach": false,
            "bridge": "",
            "capabilities": [],
            "cgroup_parent": null,
            "cgroupns_mode": null,
            "command": [
              "uvicorn",
              "app_data_science:app",
              "--host",
              "0.0.0.0",
              "--port",
              "8888"
            ],
            "container_logs": null,
            "container_read_refresh_timeout_milliseconds": 15000,
            "cpu_period": null,
            "cpu_quota": null,
            "cpu_set": "",
            "cpu_shares": 0,
            "cpus": null,
            "destroy_grace_seconds": null,
            "devices": [],
            "dns": null,
            "dns_opts": null,
            "dns_search": null,
            "domainname": "",
            "entrypoint": [],
            "env": [
              "SHARED_VOLUME_PATH=/data/shared"
            ],
            "exit_code": null,
            "gpus": null,
            "group_add": null,
            "healthcheck": null,
            "host": [],
            "hostname": "acac5d120307",
            "id": "acac5d1203074ab9da132157864488e41c6e2e5f7fb68344ca5e38c7e233b3fe",
            "image": "sha256:a487d15def7a076ab0a74600454ea94946345c7642e08957170e5d494fbc41c9",
            "init": false,
            "ipc_mode": "private",
            "labels": [],
            "log_driver": "json-file",
            "log_opts": null,
            "logs": false,
            "max_retry_count": 0,
            "memory": 0,
            "memory_swap": 0,
            "mounts": [],
            "must_run": true,
            "name": "data-science-service",
            "network_data": [
              {
                "gateway": "172.18.0.1",
                "global_ipv6_address": "",
                "global_ipv6_prefix_length": 0,
                "ip_address": "172.18.0.2",
                "ip_prefix_length": 16,
                "ipv6_gateway": "",
                "mac_address": "ba:70:2f:d6:4d:d8",
                "network_name": "taller6-data-platform"
              }
            ],
            "network_mode": "bridge",
            "networks_advanced": [
              {
                "aliases": [],
                "ipv4_address": "",
                "ipv6_address": "",
                "name": "taller6-data-platform"
              }
            ],
            "pid_mode": "",
            "ports": [
              {
                "external": 8888,
                "internal": 8888,
                "ip": "0.0.0.0",
                "protocol": "tcp"
              }
            ],
            "privileged": false,
            "publish_all_ports": false,
            "read_only": false,
            "remove_volumes": true,
            "restart": "no",
            "rm": false,
            "runtime": "runc",
            "security_opts": [],
            "shm_size": 64,
            "start": true,
            "stdin_open": false,
            "stop_signal": "",
            "stop_timeout": 0,
            "storage_opts": null,
            "sysctls": null,
            "tmpfs": null,
            "tty": false,
            "ulimit": [],
            "upload": [],
            "user": "",
            "userns_mode": "",
            "volumes": [
              {
                "container_path": "/data/shared",
                "from_container": "",
                "host_path": "",
                "read_only": false,
                "volume_name": "taller6-shared-volume"
              }
            ],
            "wait": false,
            "wait_timeout": 60,
            "working_dir": "/app"
          },
          "sensitive_attributes": [],
          "identity_schema_version": 0,
          "private": "eyJzY2hlbWFfdmVyc2lvbiI6IjIifQ==",
          "dependencies": [
            "docker_network.data_platform",
            "docker_volume.shared_storage",
            "module.data_science.docker_image.data_science"
          ]
        }
      ]
    },
    {
      "module": "module.data_science",
      "mode": "managed",
      "type": "docker_image",
      "name": "data_science",
      "provider": "provider[\"registry.terraform.io/kreuzwerker/docker\"]",
      "instances": [
        {
          "schema_version": 0,
          "attributes": {
            "build": [
              {
                "auth_config": [],
                "build_args": null,
                "build_id": "",
                "build_log_file": "",
                "builder": "",
                "cache_from": [],
                "cgroup_parent": "",
                "context": "/home/janis/Documents/taller6/taller6-terraform/docker",
                "cpu_period": null,
                "cpu_quota": null,
                "cpu_set_cpus": "",
                "cpu_set_mems": "",
                "cpu_shares": null,
                "dockerfile": "/home/janis/Documents/taller6/taller6-terraform/docker/Dockerfile.data-science",
                "extra_hosts": [],
                "force_remove": null,
                "isolation": "",
                "label": null,
                "labels": null,
                "memory": null,
                "memory_swap": null,
                "network_mode": "",
                "no_cache": null,
                "platform": "",
                "pull_parent": null,
                "remote_context": "",
                "remove": true,
                "secrets": [],
                "security_opt": [],
                "session_id": "",
                "shm_size": null,
                "squash": null,
                "suppress_output": null,
                "tag": [],
                "target": "",
                "ulimit": [],
                "version": ""
              }
            ],
            "force_remove": null,
            "id": "sha256:a487d15def7a076ab0a74600454ea94946345c7642e08957170e5d494fbc41c9jannisce2508/taller6-data-science:latest",
            "image_id": "sha256:a487d15def7a076ab0a74600454ea94946345c7642e08957170e5d494fbc41c9",
            "keep_locally": true,
            "name": "jannisce2508/taller6-data-science:latest",
            "platform": null,
            "pull_triggers": null,
            "repo_digest": "",
            "timeouts": null,
            "triggers": null
          },
          "sensitive_attributes": [],
          "identity_schema_version": 0,
          "private": "eyJlMmJmYjczMC1lY2FhLTExZTYtOGY4OC0zNDM2M2JjN2M0YzAiOnsiY3JlYXRlIjoxMjAwMDAwMDAwMDAwLCJkZWxldGUiOjEyMDAwMDAwMDAwMDAsInVwZGF0ZSI6MTIwMDAwMDAwMDAwMH19"
        }
      ]
    }
  ],
  "check_results": null
}
